
Microsoft Visual Studio Solution File, Format Version 12.00
# Visual Studio 2015
Project("{FAE04EC0-301F-11D3-BF4B-00C04F79EFBC}") = "Top Down.CSharp.Plugins", "Top Down.CSharp.Plugins.csproj", "{62A5FF9F-3E7C-AC5B-EAB7-F674DECE49C1}"
EndProject
Project("{FAE04EC0-301F-11D3-BF4B-00C04F79EFBC}") = "Top Down.CSharp", "Top Down.CSharp.csproj", "{A9312AC6-BDED-38B7-A8F5-F970AE5DB107}"
EndProject
Project("{FAE04EC0-301F-11D3-BF4B-00C04F79EFBC}") = "Top Down.CSharp.Editor.Plugins", "Top Down.CSharp.Editor.Plugins.csproj", "{19C4DB27-67A0-C457-D2BD-5C1D8A03A410}"
EndProject
Project("{FAE04EC0-301F-11D3-BF4B-00C04F79EFBC}") = "Top Down.CSharp.Editor", "Top Down.CSharp.Editor.csproj", "{49E22347-0E66-771B-ABFC-F926C7CBFCAE}"
EndProject
Global
	GlobalSection(SolutionConfigurationPlatforms) = preSolution
		Debug|Any CPU = Debug|Any CPU
		Release|Any CPU = Release|Any CPU
	EndGlobalSection
	GlobalSection(ProjectConfigurationPlatforms) = postSolution
		{62A5FF9F-3E7C-AC5B-EAB7-F674DECE49C1}.Debug|Any CPU.ActiveCfg = Debug|Any CPU
		{62A5FF9F-3E7C-AC5B-EAB7-F674DECE49C1}.Debug|Any CPU.Build.0 = Debug|Any CPU
		{62A5FF9F-3E7C-AC5B-EAB7-F674DECE49C1}.Release|Any CPU.ActiveCfg = Release|Any CPU
		{62A5FF9F-3E7C-AC5B-EAB7-F674DECE49C1}.Release|Any CPU.Build.0 = Release|Any CPU
		{A9312AC6-BDED-38B7-A8F5-F970AE5DB107}.Debug|Any CPU.ActiveCfg = Debug|Any CPU
		{A9312AC6-BDED-38B7-A8F5-F970AE5DB107}.Debug|Any CPU.Build.0 = Debug|Any CPU
		{A9312AC6-BDED-38B7-A8F5-F970AE5DB107}.Release|Any CPU.ActiveCfg = Release|Any CPU
		{A9312AC6-BDED-38B7-A8F5-F970AE5DB107}.Release|Any CPU.Build.0 = Release|Any CPU
		{19C4DB27-67A0-C457-D2BD-5C1D8A03A410}.Debug|Any CPU.ActiveCfg = Debug|Any CPU
		{19C4DB27-67A0-C457-D2BD-5C1D8A03A410}.Debug|Any CPU.Build.0 = Debug|Any CPU
		{19C4DB27-67A0-C457-D2BD-5C1D8A03A410}.Release|Any CPU.ActiveCfg = Release|Any CPU
		{19C4DB27-67A0-C457-D2BD-5C1D8A03A410}.Release|Any CPU.Build.0 = Release|Any CPU
		{49E22347-0E66-771B-ABFC-F926C7CBFCAE}.Debug|Any CPU.ActiveCfg = Debug|Any CPU
		{49E22347-0E66-771B-ABFC-F926C7CBFCAE}.Debug|Any CPU.Build.0 = Debug|Any CPU
		{49E22347-0E66-771B-ABFC-F926C7CBFCAE}.Release|Any CPU.ActiveCfg = Release|Any CPU
		{49E22347-0E66-771B-ABFC-F926C7CBFCAE}.Release|Any CPU.Build.0 = Release|Any CPU
	EndGlobalSection
	GlobalSection(SolutionProperties) = preSolution
		HideSolutionNode = FALSE
	EndGlobalSection
EndGlobal
